Microsoft Visual Studio Solution File, Format Version 12.00
# Visual Studio Version 16
VisualStudioVersion = 16.0.29403.142
MinimumVisualStudioVersion = 10.0.40219.1
Project("{FAE04EC0-301F-11D3-BF4B-00C04F79EFBC}") = "PictureThis.Android", "PictureThis.Android\PictureThis.Android.csproj", "{2B5B1363-4F2C-4855-AA22-E81CDB8FA770}"
EndProject
Project("{FAE04EC0-301F-11D3-BF4B-00C04F79EFBC}") = "PictureThis.iOS", "PictureThis.iOS\PictureThis.iOS.csproj", "{89AD80B2-A233-47DA-8558-3D822C583C85}"
EndProject
Project("{9A19103F-16F7-4668-BE54-9A1E7A4F7556}") = "PictureThis", "PictureThis\PictureThis.csproj", "{3158F295-0929-456D-833B-D66EB28CDC5A}"
EndProject
Global
	GlobalSection(SolutionConfigurationPlatforms) = preSolution
		Debug|Any CPU = Debug|Any CPU
		Debug|iPhone = Debug|iPhone
		Debug|iPhoneSimulator = Debug|iPhoneSimulator
		Release|Any CPU = Release|Any CPU
		Release|iPhone = Release|iPhone
		Release|iPhoneSimulator = Release|iPhoneSimulator
	EndGlobalSection
	GlobalSection(ProjectConfigurationPlatforms) = postSolution
		{2B5B1363-4F2C-4855-AA22-E81CDB8FA770}.Debug|Any CPU.ActiveCfg = Debug|Any CPU
		{2B5B1363-4F2C-4855-AA22-E81CDB8FA770}.Debug|Any CPU.Build.0 = Debug|Any CPU
		{2B5B1363-4F2C-4855-AA22-E81CDB8FA770}.Debug|Any CPU.Deploy.0 = Debug|Any CPU
		{2B5B1363-4F2C-4855-AA22-E81CDB8FA770}.Debug|iPhone.ActiveCfg = Debug|Any CPU
		{2B5B1363-4F2C-4855-AA22-E81CDB8FA770}.Debug|iPhone.Build.0 = Debug|Any CPU
		{2B5B1363-4F2C-4855-AA22-E81CDB8FA770}.Debug|iPhoneSimulator.ActiveCfg = Debug|Any CPU
		{2B5B1363-4F2C-4855-AA22-E81CDB8FA770}.Debug|iPhoneSimulator.Build.0 = Debug|Any CPU
		{2B5B1363-4F2C-4855-AA22-E81CDB8FA770}.Release|Any CPU.ActiveCfg = Release|Any CPU
		{2B5B1363-4F2C-4855-AA22-E81CDB8FA770}.Release|Any CPU.Build.0 = Release|Any CPU
		{2B5B1363-4F2C-4855-AA22-E81CDB8FA770}.Release|iPhone.ActiveCfg = Release|Any CPU
		{2B5B1363-4F2C-4855-AA22-E81CDB8FA770}.Release|iPhone.Build.0 = Release|Any CPU
		{2B5B1363-4F2C-4855-AA22-E81CDB8FA770}.Release|iPhoneSimulator.ActiveCfg = Release|Any CPU
		{2B5B1363-4F2C-4855-AA22-E81CDB8FA770}.Release|iPhoneSimulator.Build.0 = Release|Any CPU
		{89AD80B2-A233-47DA-8558-3D822C583C85}.Debug|Any CPU.ActiveCfg = Debug|iPhoneSimulator
		{89AD80B2-A233-47DA-8558-3D822C583C85}.Debug|Any CPU.Build.0 = Debug|iPhoneSimulator
		{89AD80B2-A233-47DA-8558-3D822C583C85}.Debug|iPhone.ActiveCfg = Debug|iPhone
		{89AD80B2-A233-47DA-8558-3D822C583C85}.Debug|iPhone.Build.0 = Debug|iPhone
		{89AD80B2-A233-47DA-8558-3D822C583C85}.Debug|iPhoneSimulator.ActiveCfg = Debug|iPhoneSimulator
		{89AD80B2-A233-47DA-8558-3D822C583C85}.Debug|iPhoneSimulator.Build.0 = Debug|iPhoneSimulator
		{89AD80B2-A233-47DA-8558-3D822C583C85}.Release|Any CPU.ActiveCfg = Release|iPhoneSimulator
		{89AD80B2-A233-47DA-8558-3D822C583C85}.Release|Any CPU.Build.0 = Release|iPhoneSimulator
		{89AD80B2-A233-47DA-8558-3D822C583C85}.Release|iPhone.ActiveCfg = Release|iPhone
		{89AD80B2-A233-47DA-8558-3D822C583C85}.Release|iPhone.Build.0 = Release|iPhone
		{89AD80B2-A233-47DA-8558-3D822C583C85}.Release|iPhoneSimulator.ActiveCfg = Release|iPhoneSimulator
		{89AD80B2-A233-47DA-8558-3D822C583C85}.Release|iPhoneSimulator.Build.0 = Release|iPhoneSimulator
		{3158F295-0929-456D-833B-D66EB28CDC5A}.Debug|Any CPU.ActiveCfg = Debug|Any CPU
		{3158F295-0929-456D-833B-D66EB28CDC5A}.Debug|Any CPU.Build.0 = Debug|Any CPU
		{3158F295-0929-456D-833B-D66EB28CDC5A}.Debug|iPhone.ActiveCfg = Debug|Any CPU
		{3158F295-0929-456D-833B-D66EB28CDC5A}.Debug|iPhone.Build.0 = Debug|Any CPU
		{3158F295-0929-456D-833B-D66EB28CDC5A}.Debug|iPhoneSimulator.ActiveCfg = Debug|Any CPU
		{3158F295-0929-456D-833B-D66EB28CDC5A}.Debug|iPhoneSimulator.Build.0 = Debug|Any CPU
		{3158F295-0929-456D-833B-D66EB28CDC5A}.Release|Any CPU.ActiveCfg = Release|Any CPU
		{3158F295-0929-456D-833B-D66EB28CDC5A}.Release|Any CPU.Build.0 = Release|Any CPU
		{3158F295-0929-456D-833B-D66EB28CDC5A}.Release|iPhone.ActiveCfg = Release|Any CPU
		{3158F295-0929-456D-833B-D66EB28CDC5A}.Release|iPhone.Build.0 = Release|Any CPU
		{3158F295-0929-456D-833B-D66EB28CDC5A}.Release|iPhoneSimulator.ActiveCfg = Release|Any CPU
		{3158F295-0929-456D-833B-D66EB28CDC5A}.Release|iPhoneSimulator.Build.0 = Release|Any CPU
	EndGlobalSection
	GlobalSection(SolutionProperties) = preSolution
		HideSolutionNode = FALSE
	EndGlobalSection
	GlobalSection(ExtensibilityGlobals) = postSolution
		SolutionGuid = {0FE2B8A4-882F-47CA-8BF0-FD863B163432}
	EndGlobalSection
EndGlobal
